
Microsoft Visual Studio Solution File, Format Version 12.00
# Visual Studio Version 17
VisualStudioVersion = 17.8.34525.116
MinimumVisualStudioVersion = 10.0.40219.1
Project("{FAE04EC0-301F-11D3-BF4B-00C04F79EFBC}") = "tablamultiplicarwf", "tablamultiplicarwf\tablamultiplicarwf.csproj", "{3C598720-F6AE-48BF-8982-B0E4C8BBC643}"
EndProject
Global
	GlobalSection(SolutionConfigurationPlatforms) = preSolution
		Debug|Any CPU = Debug|Any CPU
		Release|Any CPU = Release|Any CPU
	EndGlobalSection
	GlobalSection(ProjectConfigurationPlatforms) = postSolution
		{3C598720-F6AE-48BF-8982-B0E4C8BBC643}.Debug|Any CPU.ActiveCfg = Debug|Any CPU
		{3C598720-F6AE-48BF-8982-B0E4C8BBC643}.Debug|Any CPU.Build.0 = Debug|Any CPU
		{3C598720-F6AE-48BF-8982-B0E4C8BBC643}.Release|Any CPU.ActiveCfg = Release|Any CPU
		{3C598720-F6AE-48BF-8982-B0E4C8BBC643}.Release|Any CPU.Build.0 = Release|Any CPU
	EndGlobalSection
	GlobalSection(SolutionProperties) = preSolution
		HideSolutionNode = FALSE
	EndGlobalSection
	GlobalSection(ExtensibilityGlobals) = postSolution
		SolutionGuid = {9372343C-3038-482D-86F7-DE08467D477C}
	EndGlobalSection
EndGlobal
